
Microsoft Visual Studio Solution File, Format Version 12.00
# Visual Studio Version 16
VisualStudioVersion = 16.0.30204.135
MinimumVisualStudioVersion = 10.0.40219.1
Project("{FAE04EC0-301F-11D3-BF4B-00C04F79EFBC}") = "MyLeasing.Common", "MyLeasing.Common\MyLeasing.Common.csproj", "{7A719461-F17F-4EE8-8B47-CA971D3FF4EF}"
EndProject
Project("{FAE04EC0-301F-11D3-BF4B-00C04F79EFBC}") = "MyLeasing.Web", "MyLeasing.Web\MyLeasing.Web.csproj", "{B55CAD96-AD0F-4DF4-B2D9-5EDDEEF05584}"
EndProject
Global
	GlobalSection(SolutionConfigurationPlatforms) = preSolution
		Debug|Any CPU = Debug|Any CPU
		Release|Any CPU = Release|Any CPU
	EndGlobalSection
	GlobalSection(ProjectConfigurationPlatforms) = postSolution
		{7A719461-F17F-4EE8-8B47-CA971D3FF4EF}.Debug|Any CPU.ActiveCfg = Debug|Any CPU
		{7A719461-F17F-4EE8-8B47-CA971D3FF4EF}.Debug|Any CPU.Build.0 = Debug|Any CPU
		{7A719461-F17F-4EE8-8B47-CA971D3FF4EF}.Release|Any CPU.ActiveCfg = Release|Any CPU
		{7A719461-F17F-4EE8-8B47-CA971D3FF4EF}.Release|Any CPU.Build.0 = Release|Any CPU
		{B55CAD96-AD0F-4DF4-B2D9-5EDDEEF05584}.Debug|Any CPU.ActiveCfg = Debug|Any CPU
		{B55CAD96-AD0F-4DF4-B2D9-5EDDEEF05584}.Debug|Any CPU.Build.0 = Debug|Any CPU
		{B55CAD96-AD0F-4DF4-B2D9-5EDDEEF05584}.Release|Any CPU.ActiveCfg = Release|Any CPU
		{B55CAD96-AD0F-4DF4-B2D9-5EDDEEF05584}.Release|Any CPU.Build.0 = Release|Any CPU
	EndGlobalSection
	GlobalSection(SolutionProperties) = preSolution
		HideSolutionNode = FALSE
	EndGlobalSection
	GlobalSection(ExtensibilityGlobals) = postSolution
		SolutionGuid = {955480AD-8D3C-42A9-B85A-0C85182F495A}
	EndGlobalSection
EndGlobal
